
Microsoft Visual Studio Solution File, Format Version 12.00
# Visual Studio 15
VisualStudioVersion = 15.0.27703.2035
MinimumVisualStudioVersion = 10.0.40219.1
Project("{FAE04EC0-301F-11D3-BF4B-00C04F79EFBC}") = "Budget", "Budget\Budget.csproj", "{42F80E6C-3E4D-45F4-9867-8A786C48CCB9}"
EndProject
Global
	GlobalSection(SolutionConfigurationPlatforms) = preSolution
		Debug|Any CPU = Debug|Any CPU
		Release|Any CPU = Release|Any CPU
	EndGlobalSection
	GlobalSection(ProjectConfigurationPlatforms) = postSolution
		{42F80E6C-3E4D-45F4-9867-8A786C48CCB9}.Debug|Any CPU.ActiveCfg = Debug|Any CPU
		{42F80E6C-3E4D-45F4-9867-8A786C48CCB9}.Debug|Any CPU.Build.0 = Debug|Any CPU
		{42F80E6C-3E4D-45F4-9867-8A786C48CCB9}.Release|Any CPU.ActiveCfg = Release|Any CPU
		{42F80E6C-3E4D-45F4-9867-8A786C48CCB9}.Release|Any CPU.Build.0 = Release|Any CPU
	EndGlobalSection
	GlobalSection(SolutionProperties) = preSolution
		HideSolutionNode = FALSE
	EndGlobalSection
	GlobalSection(ExtensibilityGlobals) = postSolution
		SolutionGuid = {D0E3CB19-6C20-4729-811E-C1FC793F64E2}
	EndGlobalSection
EndGlobal
